
Microsoft Visual Studio Solution File, Format Version 12.00
# Visual Studio Version 17
VisualStudioVersion = 17.4.33213.308
MinimumVisualStudioVersion = 10.0.40219.1
Project("{FAE04EC0-301F-11D3-BF4B-00C04F79EFBC}") = "Eu4BattleCalc", "Eu4BattleCalc\Eu4BattleCalc.csproj", "{4FE095A4-8D0B-43CB-AF7B-608554B41A3C}"
EndProject
Global
	GlobalSection(SolutionConfigurationPlatforms) = preSolution
		Debug|Any CPU = Debug|Any CPU
		Release|Any CPU = Release|Any CPU
	EndGlobalSection
	GlobalSection(ProjectConfigurationPlatforms) = postSolution
		{4FE095A4-8D0B-43CB-AF7B-608554B41A3C}.Debug|Any CPU.ActiveCfg = Debug|Any CPU
		{4FE095A4-8D0B-43CB-AF7B-608554B41A3C}.Debug|Any CPU.Build.0 = Debug|Any CPU
		{4FE095A4-8D0B-43CB-AF7B-608554B41A3C}.Release|Any CPU.ActiveCfg = Release|Any CPU
		{4FE095A4-8D0B-43CB-AF7B-608554B41A3C}.Release|Any CPU.Build.0 = Release|Any CPU
	EndGlobalSection
	GlobalSection(SolutionProperties) = preSolution
		HideSolutionNode = FALSE
	EndGlobalSection
	GlobalSection(ExtensibilityGlobals) = postSolution
		SolutionGuid = {091942E4-1EBB-4F04-B3BB-29DD36A633F7}
	EndGlobalSection
EndGlobal
